
Microsoft Visual Studio Solution File, Format Version 12.00
# Visual Studio Version 17
VisualStudioVersion = 17.5.33502.453
MinimumVisualStudioVersion = 10.0.40219.1
Project("{FAE04EC0-301F-11D3-BF4B-00C04F79EFBC}") = "CRUDWebModalPopup", "CRUDWebModalPopup\CRUDWebModalPopup.csproj", "{12F3A9FF-CC74-429F-9D1E-6C134A7F0496}"
EndProject
Global
	GlobalSection(SolutionConfigurationPlatforms) = preSolution
		Debug|Any CPU = Debug|Any CPU
		Release|Any CPU = Release|Any CPU
	EndGlobalSection
	GlobalSection(ProjectConfigurationPlatforms) = postSolution
		{12F3A9FF-CC74-429F-9D1E-6C134A7F0496}.Debug|Any CPU.ActiveCfg = Debug|Any CPU
		{12F3A9FF-CC74-429F-9D1E-6C134A7F0496}.Debug|Any CPU.Build.0 = Debug|Any CPU
		{12F3A9FF-CC74-429F-9D1E-6C134A7F0496}.Release|Any CPU.ActiveCfg = Release|Any CPU
		{12F3A9FF-CC74-429F-9D1E-6C134A7F0496}.Release|Any CPU.Build.0 = Release|Any CPU
	EndGlobalSection
	GlobalSection(SolutionProperties) = preSolution
		HideSolutionNode = FALSE
	EndGlobalSection
	GlobalSection(ExtensibilityGlobals) = postSolution
		SolutionGuid = {1F54760A-11F0-4218-A9FA-BDF14487A42B}
	EndGlobalSection
EndGlobal
